# This file is autogenerated, do not edit; changes may be undone by the next 'dep ensure'.


[[projects]]
  branch = "master"
  digest = "1:3f44afe45c6c5038d9d0bec55b8b9e598b3dba2547d99ba353d7c3bb485d01fa"
  name = "github.com/Netflix/go-expect"
  packages = ["."]
  pruneopts = "UT"
  revision = "9d1f4485533ba0665fa4ca2ef6f1210198f7eaae"

[[projects]]
  digest = "1:0c4a5cb15ededc6e3d717f4208c43b9a9ba6ff201e980e51b3b3646fb7b1e25e"
  name = "github.com/hinshun/vt10x"
  packages = ["."]
  pruneopts = "UT"
  revision = "1954e646417484a2a687ea344edade2c2b6523c8"

[[projects]]
  branch = "master"
  digest = "1:0778dc7fce1b4669a8bfa7ae506ec1f595b6ab0f8989c1c0d22a8ca1144e9972"
  name = "github.com/howeyc/gopass"
  packages = ["."]
  pruneopts = "UT"
  revision = "bf9dde6d0d2c004a008c27aaee91170c786f6db8"

[[projects]]
  digest = "1:29d28429a93b076908a36420a7ecb2bf429d24c15a4b5e2c220ea00fc84b71af"
  name = "github.com/kr/pty"
  packages = ["."]
  pruneopts = "UT"
  revision = "db8e3cd836b82e82e0a9c8edc6896967dd31374f"
  version = "v1.1.3"

[[projects]]
  branch = "master"
  digest = "1:38f553aff0273ad6f367cb0a0f8b6eecbaef8dc6cb8b50e57b6a81c1d5b1e332"
  name = "golang.org/x/crypto"
  packages = ["ssh/terminal"]
  pruneopts = "UT"
  revision = "ff983b9c42bc9fbf91556e191cc8efb585c16908"

[[projects]]
  branch = "master"
  digest = "1:0150ad9329793acacd98bcbd88492d9e4731824b5d3fbc73a8a1b45eb21acf6b"
  name = "golang.org/x/sys"
  packages = [
    "unix",
    "windows",
  ]
  pruneopts = "UT"
  revision = "a457fd036447854c0c02e89ea439481bdcf941a2"

[solve-meta]
  analyzer-name = "dep"
  analyzer-version = 1
  input-imports = [
    "github.com/Netflix/go-expect",
    "github.com/hinshun/vt10x",
    "github.com/howeyc/gopass",
  ]
  solver-name = "gps-cdcl"
  solver-version = 1
